// !$*UTF8*$!
{
	archiveVersion = 1;
	classes = {
	};
	objectVersion = 77;
	objects = {

/* Begin PBXContainerItemProxy section */
		B28CF35B2CA9681C00E3527A /* PBXContainerItemProxy */ = {
			isa = PBXContainerItemProxy;
			containerPortal = B28CF33C2CA9681A00E3527A /* Project object */;
			proxyType = 1;
			remoteGlobalIDString = B28CF3432CA9681A00E3527A;
			remoteInfo = PodBox;
		};
		B28CF3652CA9681C00E3527A /* PBXContainerItemProxy */ = {
			isa = PBXContainerItemProxy;
			containerPortal = B28CF33C2CA9681A00E3527A /* Project object */;
			proxyType = 1;
			remoteGlobalIDString = B28CF3432CA9681A00E3527A;
			remoteInfo = PodBox;
		};
/* End PBXContainerItemProxy section */

/* Begin PBXFileReference section */
		B28CF3442CA9681A00E3527A /* PodBox.app */ = {isa = PBXFileReference; explicitFileType = wrapper.application; includeInIndex = 0; path = PodBox.app; sourceTree = BUILT_PRODUCTS_DIR; };
		B28CF35A2CA9681C00E3527A /* PodBoxTests.xctest */ = {isa = PBXFileReference; explicitFileType = wrapper.cfbundle; includeInIndex = 0; path = PodBoxTests.xctest; sourceTree = BUILT_PRODUCTS_DIR; };
		B28CF3642CA9681C00E3527A /* PodBoxUITests.xctest */ = {isa = PBXFileReference; explicitFileType = wrapper.cfbundle; includeInIndex = 0; path = PodBoxUITests.xctest; sourceTree = BUILT_PRODUCTS_DIR; };
/* End PBXFileReference section */

/* Begin PBXFileSystemSynchronizedBuildFileExceptionSet section */
		B28CF36C2CA9681C00E3527A /* Exceptions for "PodBox" folder in "PodBox" target */ = {
			isa = PBXFileSystemSynchronizedBuildFileExceptionSet;
			membershipExceptions = (
				Info.plist,
			);
			target = B28CF3432CA9681A00E3527A /* PodBox */;
		};
/* End PBXFileSystemSynchronizedBuildFileExceptionSet section */

/* Begin PBXFileSystemSynchronizedRootGroup section */
		B28CF3462CA9681A00E3527A /* PodBox */ = {
			isa = PBXFileSystemSynchronizedRootGroup;
			exceptions = (
				B28CF36C2CA9681C00E3527A /* Exceptions for "PodBox" folder in "PodBox" target */,
			);
			path = PodBox;
			sourceTree = "<group>";
		};
		B28CF35D2CA9681C00E3527A /* PodBoxTests */ = {
			isa = PBXFileSystemSynchronizedRootGroup;
			path = PodBoxTests;
			sourceTree = "<group>";
		};
		B28CF3672CA9681C00E3527A /* PodBoxUITests */ = {
			isa = PBXFileSystemSynchronizedRootGroup;
			path = PodBoxUITests;
			sourceTree = "<group>";
		};
/* End PBXFileSystemSynchronizedRootGroup section */

/* Begin PBXFrameworksBuildPhase section */
		B28CF3412CA9681A00E3527A /* Frameworks */ = {
			isa = PBXFrameworksBuildPhase;
			buildActionMask = 2147483647;
			files = (
			);
			runOnlyForDeploymentPostprocessing = 0;
		};
		B28CF3572CA9681C00E3527A /* Frameworks */ = {
			isa = PBXFrameworksBuildPhase;
			buildActionMask = 2147483647;
			files = (
			);
			runOnlyForDeploymentPostprocessing = 0;
		};
		B28CF3612CA9681C00E3527A /* Frameworks */ = {
			isa = PBXFrameworksBuildPhase;
			buildActionMask = 2147483647;
			files = (
			);
			runOnlyForDeploymentPostprocessing = 0;
		};
/* End PBXFrameworksBuildPhase section */

/* Begin PBXGroup section */
		B28CF33B2CA9681A00E3527A = {
			isa = PBXGroup;
			children = (
				B28CF3462CA9681A00E3527A /* PodBox */,
				B28CF35D2CA9681C00E3527A /* PodBoxTests */,
				B28CF3672CA9681C00E3527A /* PodBoxUITests */,
				B28CF3452CA9681A00E3527A /* Products */,
			);
			sourceTree = "<group>";
		};
		B28CF3452CA9681A00E3527A /* Products */ = {
			isa = PBXGroup;
			children = (
				B28CF3442CA9681A00E3527A /* PodBox.app */,
				B28CF35A2CA9681C00E3527A /* PodBoxTests.xctest */,
				B28CF3642CA9681C00E3527A /* PodBoxUITests.xctest */,
			);
			name = Products;
			sourceTree = "<group>";
		};
/* End PBXGroup section */

/* Begin PBXNativeTarget section */
		B28CF3432CA9681A00E3527A /* PodBox */ = {
			isa = PBXNativeTarget;
			buildConfigurationList = B28CF36D2CA9681C00E3527A /* Build configuration list for PBXNativeTarget "PodBox" */;
			buildPhases = (
				B28CF3402CA9681A00E3527A /* Sources */,
				B28CF3412CA9681A00E3527A /* Frameworks */,
				B28CF3422CA9681A00E3527A /* Resources */,
			);
			buildRules = (
			);
			dependencies = (
			);
			fileSystemSynchronizedGroups = (
				B28CF3462CA9681A00E3527A /* PodBox */,
			);
			name = PodBox;
			packageProductDependencies = (
			);
			productName = PodBox;
			productReference = B28CF3442CA9681A00E3527A /* PodBox.app */;
			productType = "com.apple.product-type.application";
		};
		B28CF3592CA9681C00E3527A /* PodBoxTests */ = {
			isa = PBXNativeTarget;
			buildConfigurationList = B28CF3722CA9681C00E3527A /* Build configuration list for PBXNativeTarget "PodBoxTests" */;
			buildPhases = (
				B28CF3562CA9681C00E3527A /* Sources */,
				B28CF3572CA9681C00E3527A /* Frameworks */,
				B28CF3582CA9681C00E3527A /* Resources */,
			);
			buildRules = (
			);
			dependencies = (
				B28CF35C2CA9681C00E3527A /* PBXTargetDependency */,
			);
			fileSystemSynchronizedGroups = (
				B28CF35D2CA9681C00E3527A /* PodBoxTests */,
			);
			name = PodBoxTests;
			packageProductDependencies = (
			);
			productName = PodBoxTests;
			productReference = B28CF35A2CA9681C00E3527A /* PodBoxTests.xctest */;
			productType = "com.apple.product-type.bundle.unit-test";
		};
		B28CF3632CA9681C00E3527A /* PodBoxUITests */ = {
			isa = PBXNativeTarget;
			buildConfigurationList = B28CF3752CA9681C00E3527A /* Build configuration list for PBXNativeTarget "PodBoxUITests" */;
			buildPhases = (
				B28CF3602CA9681C00E3527A /* Sources */,
				B28CF3612CA9681C00E3527A /* Frameworks */,
				B28CF3622CA9681C00E3527A /* Resources */,
			);
			buildRules = (
			);
			dependencies = (
				B28CF3662CA9681C00E3527A /* PBXTargetDependency */,
			);
			fileSystemSynchronizedGroups = (
				B28CF3672CA9681C00E3527A /* PodBoxUITests */,
			);
			name = PodBoxUITests;
			packageProductDependencies = (
			);
			productName = PodBoxUITests;
			productReference = B28CF3642CA9681C00E3527A /* PodBoxUITests.xctest */;
			productType = "com.apple.product-type.bundle.ui-testing";
		};
/* End PBXNativeTarget section */

/* Begin PBXProject section */
		B28CF33C2CA9681A00E3527A /* Project object */ = {
			isa = PBXProject;
			attributes = {
				BuildIndependentTargetsInParallel = 1;
				LastSwiftUpdateCheck = 1600;
				LastUpgradeCheck = 1600;
				TargetAttributes = {
					B28CF3432CA9681A00E3527A = {
						CreatedOnToolsVersion = 16.0;
					};
					B28CF3592CA9681C00E3527A = {
						CreatedOnToolsVersion = 16.0;
						TestTargetID = B28CF3432CA9681A00E3527A;
					};
					B28CF3632CA9681C00E3527A = {
						CreatedOnToolsVersion = 16.0;
						TestTargetID = B28CF3432CA9681A00E3527A;
					};
				};
			};
			buildConfigurationList = B28CF33F2CA9681A00E3527A /* Build configuration list for PBXProject "PodBox" */;
			developmentRegion = en;
			hasScannedForEncodings = 0;
			knownRegions = (
				en,
				Base,
			);
			mainGroup = B28CF33B2CA9681A00E3527A;
			minimizedProjectReferenceProxies = 1;
			preferredProjectObjectVersion = 77;
			productRefGroup = B28CF3452CA9681A00E3527A /* Products */;
			projectDirPath = "";
			projectRoot = "";
			targets = (
				B28CF3432CA9681A00E3527A /* PodBox */,
				B28CF3592CA9681C00E3527A /* PodBoxTests */,
				B28CF3632CA9681C00E3527A /* PodBoxUITests */,
			);
		};
/* End PBXProject section */

/* Begin PBXResourcesBuildPhase section */
		B28CF3422CA9681A00E3527A /* Resources */ = {
			isa = PBXResourcesBuildPhase;
			buildActionMask = 2147483647;
			files = (
			);
			runOnlyForDeploymentPostprocessing = 0;
		};
		B28CF3582CA9681C00E3527A /* Resources */ = {
			isa = PBXResourcesBuildPhase;
			buildActionMask = 2147483647;
			files = (
			);
			runOnlyForDeploymentPostprocessing = 0;
		};
		B28CF3622CA9681C00E3527A /* Resources */ = {
			isa = PBXResourcesBuildPhase;
			buildActionMask = 2147483647;
			files = (
			);
			runOnlyForDeploymentPostprocessing = 0;
		};
/* End PBXResourcesBuildPhase section */

/* Begin PBXSourcesBuildPhase section */
		B28CF3402CA9681A00E3527A /* Sources */ = {
			isa = PBXSourcesBuildPhase;
			buildActionMask = 2147483647;
			files = (
			);
			runOnlyForDeploymentPostprocessing = 0;
		};
		B28CF3562CA9681C00E3527A /* Sources */ = {
			isa = PBXSourcesBuildPhase;
			buildActionMask = 2147483647;
			files = (
			);
			runOnlyForDeploymentPostprocessing = 0;
		};
		B28CF3602CA9681C00E3527A /* Sources */ = {
			isa = PBXSourcesBuildPhase;
			buildActionMask = 2147483647;
			files = (
			);
			runOnlyForDeploymentPostprocessing = 0;
		};
/* End PBXSourcesBuildPhase section */

/* Begin PBXTargetDependency section */
		B28CF35C2CA9681C00E3527A /* PBXTargetDependency */ = {
			isa = PBXTargetDependency;
			target = B28CF3432CA9681A00E3527A /* PodBox */;
			targetProxy = B28CF35B2CA9681C00E3527A /* PBXContainerItemProxy */;
		};
		B28CF3662CA9681C00E3527A /* PBXTargetDependency */ = {
			isa = PBXTargetDependency;
			target = B28CF3432CA9681A00E3527A /* PodBox */;
			targetProxy = B28CF3652CA9681C00E3527A /* PBXContainerItemProxy */;
		};
/* End PBXTargetDependency section */

/* Begin XCBuildConfiguration section */
		B28CF36E2CA9681C00E3527A /* Debug */ = {
			isa = XCBuildConfiguration;
			buildSettings = {
				ASSETCATALOG_COMPILER_APPICON_NAME = AppIcon;
				ASSETCATALOG_COMPILER_GLOBAL_ACCENT_COLOR_NAME = AccentColor;
				CODE_SIGN_STYLE = Automatic;
				CURRENT_PROJECT_VERSION = 1;
				DEVELOPMENT_TEAM = 6FB2ST3CD7;
				GENERATE_INFOPLIST_FILE = YES;
				INFOPLIST_FILE = PodBox/Info.plist;
				INFOPLIST_KEY_UIApplicationSupportsIndirectInputEvents = YES;
				INFOPLIST_KEY_UILaunchStoryboardName = LaunchScreen;
				INFOPLIST_KEY_UIMainStoryboardFile = Main;
				INFOPLIST_KEY_UISupportedInterfaceOrientations_iPad = "UIInterfaceOrientationPortrait UIInterfaceOrientationPortraitUpsideDown UIInterfaceOrientationLandscapeLeft UIInterfaceOrientationLandscapeRight";
				INFOPLIST_KEY_UISupportedInterfaceOrientations_iPhone = "UIInterfaceOrientationPortrait UIInterfaceOrientationLandscapeLeft UIInterfaceOrientationLandscapeRight";
				LD_RUNPATH_SEARCH_PATHS = (
					"$(inherited)",
					"@executable_path/Frameworks",
				);
				MARKETING_VERSION = 1.0;
				PRODUCT_BUNDLE_IDENTIFIER = com.can.PodBox;
				PRODUCT_NAME = "$(TARGET_NAME)";
				SWIFT_EMIT_LOC_STRINGS = YES;
				SWIFT_VERSION = 5.0;
				TARGETED_DEVICE_FAMILY = "1,2";
			};
			name = Debug;
		};
		B28CF36F2CA9681C00E3527A /* Release */ = {
			isa = XCBuildConfiguration;
			buildSettings = {
				ASSETCATALOG_COMPILER_APPICON_NAME = AppIcon;
				ASSETCATALOG_COMPILER_GLOBAL_ACCENT_COLOR_NAME = AccentColor;
				CODE_SIGN_STYLE = Automatic;
				CURRENT_PROJECT_VERSION = 1;
				DEVELOPMENT_TEAM = 6FB2ST3CD7;
				GENERATE_INFOPLIST_FILE = YES;
				INFOPLIST_FILE = PodBox/Info.plist;
				INFOPLIST_KEY_UIApplicationSupportsIndirectInputEvents = YES;
				INFOPLIST_KEY_UILaunchStoryboardName = LaunchScreen;
				INFOPLIST_KEY_UIMainStoryboardFile = Main;
				INFOPLIST_KEY_UISupportedInterfaceOrientations_iPad = "UIInterfaceOrientationPortrait UIInterfaceOrientationPortraitUpsideDown UIInterfaceOrientationLandscapeLeft UIInterfaceOrientationLandscapeRight";
				INFOPLIST_KEY_UISupportedInterfaceOrientations_iPhone = "UIInterfaceOrientationPortrait UIInterfaceOrientationLandscapeLeft UIInterfaceOrientationLandscapeRight";
				LD_RUNPATH_SEARCH_PATHS = (
					"$(inherited)",
					"@executable_path/Frameworks",
				);
				MARKETING_VERSION = 1.0;
				PRODUCT_BUNDLE_IDENTIFIER = com.can.PodBox;
				PRODUCT_NAME = "$(TARGET_NAME)";
				SWIFT_EMIT_LOC_STRINGS = YES;
				SWIFT_VERSION = 5.0;
				TARGETED_DEVICE_FAMILY = "1,2";
			};
			name = Release;
		};
		B28CF3702CA9681C00E3527A /* Debug */ = {
			isa = XCBuildConfiguration;
			buildSettings = {
				ALWAYS_SEARCH_USER_PATHS = NO;
				ASSETCATALOG_COMPILER_GENERATE_SWIFT_ASSET_SYMBOL_EXTENSIONS = YES;
				CLANG_ANALYZER_NONNULL = YES;
				CLANG_ANALYZER_NUMBER_OBJECT_CONVERSION = YES_AGGRESSIVE;
				CLANG_CXX_LANGUAGE_STANDARD = "gnu++20";
				CLANG_ENABLE_MODULES = YES;
				CLANG_ENABLE_OBJC_ARC = YES;
				CLANG_ENABLE_OBJC_WEAK = YES;
				CLANG_WARN_BLOCK_CAPTURE_AUTORELEASING = YES;
				CLANG_WARN_BOOL_CONVERSION = YES;
				CLANG_WARN_COMMA = YES;
				CLANG_WARN_CONSTANT_CONVERSION = YES;
				CLANG_WARN_DEPRECATED_OBJC_IMPLEMENTATIONS = YES;
				CLANG_WARN_DIRECT_OBJC_ISA_USAGE = YES_ERROR;
				CLANG_WARN_DOCUMENTATION_COMMENTS = YES;
				CLANG_WARN_EMPTY_BODY = YES;
				CLANG_WARN_ENUM_CONVERSION = YES;
				CLANG_WARN_INFINITE_RECURSION = YES;
				CLANG_WARN_INT_CONVERSION = YES;
				CLANG_WARN_NON_LITERAL_NULL_CONVERSION = YES;
				CLANG_WARN_OBJC_IMPLICIT_RETAIN_SELF = YES;
				CLANG_WARN_OBJC_LITERAL_CONVERSION = YES;
				CLANG_WARN_OBJC_ROOT_CLASS = YES_ERROR;
				CLANG_WARN_QUOTED_INCLUDE_IN_FRAMEWORK_HEADER = YES;
				CLANG_WARN_RANGE_LOOP_ANALYSIS = YES;
				CLANG_WARN_STRICT_PROTOTYPES = YES;
				CLANG_WARN_SUSPICIOUS_MOVE = YES;
				CLANG_WARN_UNGUARDED_AVAILABILITY = YES_AGGRESSIVE;
				CLANG_WARN_UNREACHABLE_CODE = YES;
				CLANG_WARN__DUPLICATE_METHOD_MATCH = YES;
				COPY_PHASE_STRIP = NO;
				DEBUG_INFORMATION_FORMAT = dwarf;
				ENABLE_STRICT_OBJC_MSGSEND = YES;
				ENABLE_TESTABILITY = YES;
				ENABLE_USER_SCRIPT_SANDBOXING = YES;
				GCC_C_LANGUAGE_STANDARD = gnu17;
				GCC_DYNAMIC_NO_PIC = NO;
				GCC_NO_COMMON_BLOCKS = YES;
				GCC_OPTIMIZATION_LEVEL = 0;
				GCC_PREPROCESSOR_DEFINITIONS = (
					"DEBUG=1",
					"$(inherited)",
				);
				GCC_WARN_64_TO_32_BIT_CONVERSION = YES;
				GCC_WARN_ABOUT_RETURN_TYPE = YES_ERROR;
				GCC_WARN_UNDECLARED_SELECTOR = YES;
				GCC_WARN_UNINITIALIZED_AUTOS = YES_AGGRESSIVE;
				GCC_WARN_UNUSED_FUNCTION = YES;
				GCC_WARN_UNUSED_VARIABLE = YES;
				IPHONEOS_DEPLOYMENT_TARGET = 18.0;
				LOCALIZATION_PREFERS_STRING_CATALOGS = YES;
				MTL_ENABLE_DEBUG_INFO = INCLUDE_SOURCE;
				MTL_FAST_MATH = YES;
				ONLY_ACTIVE_ARCH = YES;
				SDKROOT = iphoneos;
				SWIFT_ACTIVE_COMPILATION_CONDITIONS = "DEBUG $(inherited)";
				SWIFT_OPTIMIZATION_LEVEL = "-Onone";
			};
			name = Debug;
		};
		B28CF3712CA9681C00E3527A /* Release */ = {
			isa = XCBuildConfiguration;
			buildSettings = {
				ALWAYS_SEARCH_USER_PATHS = NO;
				ASSETCATALOG_COMPILER_GENERATE_SWIFT_ASSET_SYMBOL_EXTENSIONS = YES;
				CLANG_ANALYZER_NONNULL = YES;
				CLANG_ANALYZER_NUMBER_OBJECT_CONVERSION = YES_AGGRESSIVE;
				CLANG_CXX_LANGUAGE_STANDARD = "gnu++20";
				CLANG_ENABLE_MODULES = YES;
				CLANG_ENABLE_OBJC_ARC = YES;
				CLANG_ENABLE_OBJC_WEAK = YES;
				CLANG_WARN_BLOCK_CAPTURE_AUTORELEASING = YES;
				CLANG_WARN_BOOL_CONVERSION = YES;
				CLANG_WARN_COMMA = YES;
				CLANG_WARN_CONSTANT_CONVERSION = YES;
				CLANG_WARN_DEPRECATED_OBJC_IMPLEMENTATIONS = YES;
				CLANG_WARN_DIRECT_OBJC_ISA_USAGE = YES_ERROR;
				CLANG_WARN_DOCUMENTATION_COMMENTS = YES;
				CLANG_WARN_EMPTY_BODY = YES;
				CLANG_WARN_ENUM_CONVERSION = YES;
				CLANG_WARN_INFINITE_RECURSION = YES;
				CLANG_WARN_INT_CONVERSION = YES;
				CLANG_WARN_NON_LITERAL_NULL_CONVERSION = YES;
				CLANG_WARN_OBJC_IMPLICIT_RETAIN_SELF = YES;
				CLANG_WARN_OBJC_LITERAL_CONVERSION = YES;
				CLANG_WARN_OBJC_ROOT_CLASS = YES_ERROR;
				CLANG_WARN_QUOTED_INCLUDE_IN_FRAMEWORK_HEADER = YES;
				CLANG_WARN_RANGE_LOOP_ANALYSIS = YES;
				CLANG_WARN_STRICT_PROTOTYPES = YES;
				CLANG_WARN_SUSPICIOUS_MOVE = YES;
				CLANG_WARN_UNGUARDED_AVAILABILITY = YES_AGGRESSIVE;
				CLANG_WARN_UNREACHABLE_CODE = YES;
				CLANG_WARN__DUPLICATE_METHOD_MATCH = YES;
				COPY_PHASE_STRIP = NO;
				DEBUG_INFORMATION_FORMAT = "dwarf-with-dsym";
				ENABLE_NS_ASSERTIONS = NO;
				ENABLE_STRICT_OBJC_MSGSEND = YES;
				ENABLE_USER_SCRIPT_SANDBOXING = YES;
				GCC_C_LANGUAGE_STANDARD = gnu17;
				GCC_NO_COMMON_BLOCKS = YES;
				GCC_WARN_64_TO_32_BIT_CONVERSION = YES;
				GCC_WARN_ABOUT_RETURN_TYPE = YES_ERROR;
				GCC_WARN_UNDECLARED_SELECTOR = YES;
				GCC_WARN_UNINITIALIZED_AUTOS = YES_AGGRESSIVE;
				GCC_WARN_UNUSED_FUNCTION = YES;
				GCC_WARN_UNUSED_VARIABLE = YES;
				IPHONEOS_DEPLOYMENT_TARGET = 18.0;
				LOCALIZATION_PREFERS_STRING_CATALOGS = YES;
				MTL_ENABLE_DEBUG_INFO = NO;
				MTL_FAST_MATH = YES;
				SDKROOT = iphoneos;
				SWIFT_COMPILATION_MODE = wholemodule;
				VALIDATE_PRODUCT = YES;
			};
			name = Release;
		};
		B28CF3732CA9681C00E3527A /* Debug */ = {
			isa = XCBuildConfiguration;
			buildSettings = {
				BUNDLE_LOADER = "$(TEST_HOST)";
				CODE_SIGN_STYLE = Automatic;
				CURRENT_PROJECT_VERSION = 1;
				DEVELOPMENT_TEAM = 6FB2ST3CD7;
				GENERATE_INFOPLIST_FILE = YES;
				IPHONEOS_DEPLOYMENT_TARGET = 18.0;
				MARKETING_VERSION = 1.0;
				PRODUCT_BUNDLE_IDENTIFIER = com.can.PodBoxTests;
				PRODUCT_NAME = "$(TARGET_NAME)";
				SWIFT_EMIT_LOC_STRINGS = NO;
				SWIFT_VERSION = 5.0;
				TARGETED_DEVICE_FAMILY = "1,2";
				TEST_HOST = "$(BUILT_PRODUCTS_DIR)/PodBox.app/$(BUNDLE_EXECUTABLE_FOLDER_PATH)/PodBox";
			};
			name = Debug;
		};
		B28CF3742CA9681C00E3527A /* Release */ = {
			isa = XCBuildConfiguration;
			buildSettings = {
				BUNDLE_LOADER = "$(TEST_HOST)";
				CODE_SIGN_STYLE = Automatic;
				CURRENT_PROJECT_VERSION = 1;
				DEVELOPMENT_TEAM = 6FB2ST3CD7;
				GENERATE_INFOPLIST_FILE = YES;
				IPHONEOS_DEPLOYMENT_TARGET = 18.0;
				MARKETING_VERSION = 1.0;
				PRODUCT_BUNDLE_IDENTIFIER = com.can.PodBoxTests;
				PRODUCT_NAME = "$(TARGET_NAME)";
				SWIFT_EMIT_LOC_STRINGS = NO;
				SWIFT_VERSION = 5.0;
				TARGETED_DEVICE_FAMILY = "1,2";
				TEST_HOST = "$(BUILT_PRODUCTS_DIR)/PodBox.app/$(BUNDLE_EXECUTABLE_FOLDER_PATH)/PodBox";
			};
			name = Release;
		};
		B28CF3762CA9681C00E3527A /* Debug */ = {
			isa = XCBuildConfiguration;
			buildSettings = {
				CODE_SIGN_STYLE = Automatic;
				CURRENT_PROJECT_VERSION = 1;
				DEVELOPMENT_TEAM = 6FB2ST3CD7;
				GENERATE_INFOPLIST_FILE = YES;
				MARKETING_VERSION = 1.0;
				PRODUCT_BUNDLE_IDENTIFIER = com.can.PodBoxUITests;
				PRODUCT_NAME = "$(TARGET_NAME)";
				SWIFT_EMIT_LOC_STRINGS = NO;
				SWIFT_VERSION = 5.0;
				TARGETED_DEVICE_FAMILY = "1,2";
				TEST_TARGET_NAME = PodBox;
			};
			name = Debug;
		};
		B28CF3772CA9681C00E3527A /* Release */ = {
			isa = XCBuildConfiguration;
			buildSettings = {
				CODE_SIGN_STYLE = Automatic;
				CURRENT_PROJECT_VERSION = 1;
				DEVELOPMENT_TEAM = 6FB2ST3CD7;
				GENERATE_INFOPLIST_FILE = YES;
				MARKETING_VERSION = 1.0;
				PRODUCT_BUNDLE_IDENTIFIER = com.can.PodBoxUITests;
				PRODUCT_NAME = "$(TARGET_NAME)";
				SWIFT_EMIT_LOC_STRINGS = NO;
				SWIFT_VERSION = 5.0;
				TARGETED_DEVICE_FAMILY = "1,2";
				TEST_TARGET_NAME = PodBox;
			};
			name = Release;
		};
/* End XCBuildConfiguration section */

/* Begin XCConfigurationList section */
		B28CF33F2CA9681A00E3527A /* Build configuration list for PBXProject "PodBox" */ = {
			isa = XCConfigurationList;
			buildConfigurations = (
				B28CF3702CA9681C00E3527A /* Debug */,
				B28CF3712CA9681C00E3527A /* Release */,
			);
			defaultConfigurationIsVisible = 0;
			defaultConfigurationName = Release;
		};
		B28CF36D2CA9681C00E3527A /* Build configuration list for PBXNativeTarget "PodBox" */ = {
			isa = XCConfigurationList;
			buildConfigurations = (
				B28CF36E2CA9681C00E3527A /* Debug */,
				B28CF36F2CA9681C00E3527A /* Release */,
			);
			defaultConfigurationIsVisible = 0;
			defaultConfigurationName = Release;
		};
		B28CF3722CA9681C00E3527A /* Build configuration list for PBXNativeTarget "PodBoxTests" */ = {
			isa = XCConfigurationList;
			buildConfigurations = (
				B28CF3732CA9681C00E3527A /* Debug */,
				B28CF3742CA9681C00E3527A /* Release */,
			);
			defaultConfigurationIsVisible = 0;
			defaultConfigurationName = Release;
		};
		B28CF3752CA9681C00E3527A /* Build configuration list for PBXNativeTarget "PodBoxUITests" */ = {
			isa = XCConfigurationList;
			buildConfigurations = (
				B28CF3762CA9681C00E3527A /* Debug */,
				B28CF3772CA9681C00E3527A /* Release */,
			);
			defaultConfigurationIsVisible = 0;
			defaultConfigurationName = Release;
		};
/* End XCConfigurationList section */
	};
	rootObject = B28CF33C2CA9681A00E3527A /* Project object */;
}
